
Microsoft Visual Studio Solution File, Format Version 12.00
# Visual Studio Version 16
VisualStudioVersion = 16.0.29215.179
MinimumVisualStudioVersion = 10.0.40219.1
Project("{FAE04EC0-301F-11D3-BF4B-00C04F79EFBC}") = "MyMLApp", "MyMLApp\MyMLApp.csproj", "{E7701D76-A291-4EFA-9E70-9CCEEAE7800F}"
EndProject
Project("{9A19103F-16F7-4668-BE54-9A1E7A4F7556}") = "MyMLAppML.Model", "MyMLAppML.Model\MyMLAppML.Model.csproj", "{B643C28D-3223-4A92-BFF6-112ABAA6057B}"
EndProject
Project("{9A19103F-16F7-4668-BE54-9A1E7A4F7556}") = "MyMLAppML.ConsoleApp", "MyMLAppML.ConsoleApp\MyMLAppML.ConsoleApp.csproj", "{444DD379-6069-4A6E-AD81-C55917C76449}"
EndProject
Global
	GlobalSection(SolutionConfigurationPlatforms) = preSolution
		Debug|Any CPU = Debug|Any CPU
		Release|Any CPU = Release|Any CPU
	EndGlobalSection
	GlobalSection(ProjectConfigurationPlatforms) = postSolution
		{E7701D76-A291-4EFA-9E70-9CCEEAE7800F}.Debug|Any CPU.ActiveCfg = Debug|Any CPU
		{E7701D76-A291-4EFA-9E70-9CCEEAE7800F}.Debug|Any CPU.Build.0 = Debug|Any CPU
		{E7701D76-A291-4EFA-9E70-9CCEEAE7800F}.Release|Any CPU.ActiveCfg = Release|Any CPU
		{E7701D76-A291-4EFA-9E70-9CCEEAE7800F}.Release|Any CPU.Build.0 = Release|Any CPU
		{B643C28D-3223-4A92-BFF6-112ABAA6057B}.Debug|Any CPU.ActiveCfg = Debug|Any CPU
		{B643C28D-3223-4A92-BFF6-112ABAA6057B}.Debug|Any CPU.Build.0 = Debug|Any CPU
		{B643C28D-3223-4A92-BFF6-112ABAA6057B}.Release|Any CPU.ActiveCfg = Release|Any CPU
		{B643C28D-3223-4A92-BFF6-112ABAA6057B}.Release|Any CPU.Build.0 = Release|Any CPU
		{444DD379-6069-4A6E-AD81-C55917C76449}.Debug|Any CPU.ActiveCfg = Debug|Any CPU
		{444DD379-6069-4A6E-AD81-C55917C76449}.Debug|Any CPU.Build.0 = Debug|Any CPU
		{444DD379-6069-4A6E-AD81-C55917C76449}.Release|Any CPU.ActiveCfg = Release|Any CPU
		{444DD379-6069-4A6E-AD81-C55917C76449}.Release|Any CPU.Build.0 = Release|Any CPU
	EndGlobalSection
	GlobalSection(SolutionProperties) = preSolution
		HideSolutionNode = FALSE
	EndGlobalSection
	GlobalSection(ExtensibilityGlobals) = postSolution
		SolutionGuid = {9C13A2D4-2AC1-4F8B-BB6F-9BECB05E289D}
	EndGlobalSection
EndGlobal
