
Microsoft Visual Studio Solution File, Format Version 12.00
# Visual Studio Version 16
VisualStudioVersion = 16.0.29009.5
MinimumVisualStudioVersion = 10.0.40219.1
Project("{9A19103F-16F7-4668-BE54-9A1E7A4F7556}") = "DataLayer.Entities", "DataLayer.Entities\DataLayer.Entities.csproj", "{83A6C845-E680-4A95-98F0-60CF043CF4E8}"
EndProject
Project("{9A19103F-16F7-4668-BE54-9A1E7A4F7556}") = "DataLayer.DbModel", "DataLayer.DbModel\DataLayer.DbModel.csproj", "{85AA4A7E-0340-44AC-9332-1A29889A41B1}"
EndProject
Global
	GlobalSection(SolutionConfigurationPlatforms) = preSolution
		Debug|Any CPU = Debug|Any CPU
		Release|Any CPU = Release|Any CPU
	EndGlobalSection
	GlobalSection(ProjectConfigurationPlatforms) = postSolution
		{83A6C845-E680-4A95-98F0-60CF043CF4E8}.Debug|Any CPU.ActiveCfg = Debug|Any CPU
		{83A6C845-E680-4A95-98F0-60CF043CF4E8}.Debug|Any CPU.Build.0 = Debug|Any CPU
		{83A6C845-E680-4A95-98F0-60CF043CF4E8}.Release|Any CPU.ActiveCfg = Release|Any CPU
		{83A6C845-E680-4A95-98F0-60CF043CF4E8}.Release|Any CPU.Build.0 = Release|Any CPU
		{85AA4A7E-0340-44AC-9332-1A29889A41B1}.Debug|Any CPU.ActiveCfg = Debug|Any CPU
		{85AA4A7E-0340-44AC-9332-1A29889A41B1}.Debug|Any CPU.Build.0 = Debug|Any CPU
		{85AA4A7E-0340-44AC-9332-1A29889A41B1}.Release|Any CPU.ActiveCfg = Release|Any CPU
		{85AA4A7E-0340-44AC-9332-1A29889A41B1}.Release|Any CPU.Build.0 = Release|Any CPU
	EndGlobalSection
	GlobalSection(SolutionProperties) = preSolution
		HideSolutionNode = FALSE
	EndGlobalSection
	GlobalSection(ExtensibilityGlobals) = postSolution
		SolutionGuid = {80EC9179-8020-490B-9D55-44FCF23B2E07}
	EndGlobalSection
EndGlobal
