
Microsoft Visual Studio Solution File, Format Version 12.00
# Visual Studio Version 16
VisualStudioVersion = 16.0.29326.143
MinimumVisualStudioVersion = 10.0.40219.1
Project("{FAE04EC0-301F-11D3-BF4B-00C04F79EFBC}") = "Auth0Api", "Auth0Api\Auth0Api.csproj", "{D5805553-C1E5-4677-8519-9D12EBEBB466}"
EndProject
Global
	GlobalSection(SolutionConfigurationPlatforms) = preSolution
		Debug|Any CPU = Debug|Any CPU
		Release|Any CPU = Release|Any CPU
	EndGlobalSection
	GlobalSection(ProjectConfigurationPlatforms) = postSolution
		{D5805553-C1E5-4677-8519-9D12EBEBB466}.Debug|Any CPU.ActiveCfg = Debug|Any CPU
		{D5805553-C1E5-4677-8519-9D12EBEBB466}.Debug|Any CPU.Build.0 = Debug|Any CPU
		{D5805553-C1E5-4677-8519-9D12EBEBB466}.Release|Any CPU.ActiveCfg = Release|Any CPU
		{D5805553-C1E5-4677-8519-9D12EBEBB466}.Release|Any CPU.Build.0 = Release|Any CPU
	EndGlobalSection
	GlobalSection(SolutionProperties) = preSolution
		HideSolutionNode = FALSE
	EndGlobalSection
	GlobalSection(ExtensibilityGlobals) = postSolution
		SolutionGuid = {D4B51572-760A-45B5-A463-02EA54DC2E33}
	EndGlobalSection
EndGlobal
