
Microsoft Visual Studio Solution File, Format Version 12.00
# Visual Studio Version 16
VisualStudioVersion = 16.0.29102.190
MinimumVisualStudioVersion = 10.0.40219.1
Project("{FAE04EC0-301F-11D3-BF4B-00C04F79EFBC}") = "AutoMapperTest", "AutoMapper\AutoMapperTest.csproj", "{732ABC06-BFFB-42B8-B8ED-5D24904F671D}"
EndProject
Project("{FAE04EC0-301F-11D3-BF4B-00C04F79EFBC}") = "ServiceLayer", "ServiceLayer\ServiceLayer.csproj", "{A5565741-5A65-421F-801C-7FFC4FFE0481}"
EndProject
Project("{FAE04EC0-301F-11D3-BF4B-00C04F79EFBC}") = "DataLayer", "DataLayer\DataLayer.csproj", "{B2320E99-75E3-4B92-9DE9-4606E287F506}"
EndProject
Global
	GlobalSection(SolutionConfigurationPlatforms) = preSolution
		Debug|Any CPU = Debug|Any CPU
		Release|Any CPU = Release|Any CPU
	EndGlobalSection
	GlobalSection(ProjectConfigurationPlatforms) = postSolution
		{732ABC06-BFFB-42B8-B8ED-5D24904F671D}.Debug|Any CPU.ActiveCfg = Debug|Any CPU
		{732ABC06-BFFB-42B8-B8ED-5D24904F671D}.Debug|Any CPU.Build.0 = Debug|Any CPU
		{732ABC06-BFFB-42B8-B8ED-5D24904F671D}.Release|Any CPU.ActiveCfg = Release|Any CPU
		{732ABC06-BFFB-42B8-B8ED-5D24904F671D}.Release|Any CPU.Build.0 = Release|Any CPU
		{A5565741-5A65-421F-801C-7FFC4FFE0481}.Debug|Any CPU.ActiveCfg = Debug|Any CPU
		{A5565741-5A65-421F-801C-7FFC4FFE0481}.Debug|Any CPU.Build.0 = Debug|Any CPU
		{A5565741-5A65-421F-801C-7FFC4FFE0481}.Release|Any CPU.ActiveCfg = Release|Any CPU
		{A5565741-5A65-421F-801C-7FFC4FFE0481}.Release|Any CPU.Build.0 = Release|Any CPU
		{B2320E99-75E3-4B92-9DE9-4606E287F506}.Debug|Any CPU.ActiveCfg = Debug|Any CPU
		{B2320E99-75E3-4B92-9DE9-4606E287F506}.Debug|Any CPU.Build.0 = Debug|Any CPU
		{B2320E99-75E3-4B92-9DE9-4606E287F506}.Release|Any CPU.ActiveCfg = Release|Any CPU
		{B2320E99-75E3-4B92-9DE9-4606E287F506}.Release|Any CPU.Build.0 = Release|Any CPU
	EndGlobalSection
	GlobalSection(SolutionProperties) = preSolution
		HideSolutionNode = FALSE
	EndGlobalSection
	GlobalSection(ExtensibilityGlobals) = postSolution
		SolutionGuid = {5FC04741-78CE-425D-9E6B-99763501F350}
	EndGlobalSection
EndGlobal
