
Microsoft Visual Studio Solution File, Format Version 12.00
# Visual Studio Version 16
VisualStudioVersion = 16.0.29102.190
MinimumVisualStudioVersion = 10.0.40219.1
Project("{9A19103F-16F7-4668-BE54-9A1E7A4F7556}") = "AsyncProgramming", "AsyncProgramming\AsyncProgramming.csproj", "{3C8DDC77-B881-49B0-BD57-979339DCDFF9}"
EndProject
Project("{9A19103F-16F7-4668-BE54-9A1E7A4F7556}") = "ExceptionHandling", "ExceptionHandling\ExceptionHandling.csproj", "{10F318A7-DA57-4EB7-B6AC-0E2B70D774BF}"
EndProject
Project("{9A19103F-16F7-4668-BE54-9A1E7A4F7556}") = "Signaling", "Signaling\Signaling.csproj", "{7201E667-BE8F-4091-8304-0F25E0957AD1}"
EndProject
Project("{9A19103F-16F7-4668-BE54-9A1E7A4F7556}") = "ThreadPoolProgramming", "ThreadPool\ThreadPoolProgramming.csproj", "{ABBEEC5E-97C4-4087-B2F3-90B8C110B396}"
EndProject
Project("{9A19103F-16F7-4668-BE54-9A1E7A4F7556}") = "TheTaskParallelLibrary", "TheTaskParallelLibrary\TheTaskParallelLibrary.csproj", "{D9DF7428-B4D4-423C-A87E-DAC8B057E88B}"
EndProject
Project("{2150E333-8FDC-42A3-9474-1A3956D46DE8}") = "Listing 01-02", "Listing 01-02", "{ABF36844-5C10-4F15-9433-6458D0DF7732}"
EndProject
Project("{2150E333-8FDC-42A3-9474-1A3956D46DE8}") = "ExamRef70-482", "ExamRef70-482", "{22A1A0FA-5089-4561-BE45-D5239CD6E5B9}"
EndProject
Project("{9A19103F-16F7-4668-BE54-9A1E7A4F7556}") = "Listing 01.02", "Listing 1.2\Listing 01.02.csproj", "{683D9248-DCBC-4676-A999-F02B2A66498D}"
EndProject
Project("{9A19103F-16F7-4668-BE54-9A1E7A4F7556}") = "PLINQTrial", "PLINQTrial\PLINQTrial.csproj", "{85BAD1FD-7A16-463E-98A6-25293F2A3AB1}"
EndProject
Project("{2150E333-8FDC-42A3-9474-1A3956D46DE8}") = "Listing 01-01", "Listing 01-01", "{BEECAD0B-01D9-46E7-B7F8-0918FD5A1264}"
EndProject
Project("{9A19103F-16F7-4668-BE54-9A1E7A4F7556}") = "Listing 01.01", "Listing 01.01\Listing 01.01.csproj", "{D08699AF-AA87-41B4-B08F-0D05CF770DA8}"
EndProject
Project("{2150E333-8FDC-42A3-9474-1A3956D46DE8}") = "Listing 01-03", "Listing 01-03", "{315446F5-7FAE-47B1-B900-A0C48BAEE442}"
EndProject
Project("{9A19103F-16F7-4668-BE54-9A1E7A4F7556}") = "Listing 01.03", "Listing 01.03\Listing 01.03.csproj", "{8059E9A4-9A20-44D1-9E93-00C0CA4A0779}"
EndProject
Project("{2150E333-8FDC-42A3-9474-1A3956D46DE8}") = "Listing 01-04", "Listing 01-04", "{7DF3A94F-091A-4654-B4FE-A74781BDA95F}"
EndProject
Project("{FAE04EC0-301F-11D3-BF4B-00C04F79EFBC}") = "Listing 01.04", "Listing 01.04\Listing 01.04.csproj", "{A9EF5F50-B9C9-4736-B252-CCADB66C85F2}"
EndProject
Project("{2150E333-8FDC-42A3-9474-1A3956D46DE8}") = "Listing 01-05", "Listing 01-05", "{6B66D253-6406-4B50-A157-C3AEB27DCBCE}"
EndProject
Project("{FAE04EC0-301F-11D3-BF4B-00C04F79EFBC}") = "Listing 01.05", "Listing 01.05\Listing 01.05.csproj", "{F45B6525-2A3D-47A1-B897-6AAE0747ECC1}"
EndProject
Project("{2150E333-8FDC-42A3-9474-1A3956D46DE8}") = "Listing 01-06", "Listing 01-06", "{FA191031-03FB-4C7F-B23F-1A41285FE47A}"
EndProject
Project("{FAE04EC0-301F-11D3-BF4B-00C04F79EFBC}") = "Listing 01.06", "Listing 01.06\Listing 01.06.csproj", "{2295781A-F514-4CE4-811B-69D803670673}"
EndProject
Project("{2150E333-8FDC-42A3-9474-1A3956D46DE8}") = "Listing 01-07", "Listing 01-07", "{AAAC08D1-2C43-4447-B2EE-850714982DB9}"
EndProject
Project("{FAE04EC0-301F-11D3-BF4B-00C04F79EFBC}") = "Listing 01.07", "Listing 01.07\Listing 01.07.csproj", "{D9C9BB9E-F20C-47A7-847E-F855929CEE8D}"
EndProject
Project("{2150E333-8FDC-42A3-9474-1A3956D46DE8}") = "Listing 01-14", "Listing 01-14", "{90F46261-8E7D-464B-B389-53C155FFB286}"
EndProject
Project("{FAE04EC0-301F-11D3-BF4B-00C04F79EFBC}") = "Listing 01.14", "Listing 01.14\Listing 01.14.csproj", "{659D0E9C-8868-4D52-9E6B-8E81E467646D}"
EndProject
Project("{2150E333-8FDC-42A3-9474-1A3956D46DE8}") = "Listing 01-17", "Listing 01-17", "{5239C96A-3123-4607-B750-4440C488A5AE}"
EndProject
Project("{FAE04EC0-301F-11D3-BF4B-00C04F79EFBC}") = "ChildTaskExample", "ChildTaskExample\ChildTaskExample.csproj", "{F0AC550B-2D07-4C80-A0DF-A84D38B592A7}"
EndProject
Global
	GlobalSection(SolutionConfigurationPlatforms) = preSolution
		Debug|Any CPU = Debug|Any CPU
		Release|Any CPU = Release|Any CPU
	EndGlobalSection
	GlobalSection(ProjectConfigurationPlatforms) = postSolution
		{3C8DDC77-B881-49B0-BD57-979339DCDFF9}.Debug|Any CPU.ActiveCfg = Debug|Any CPU
		{3C8DDC77-B881-49B0-BD57-979339DCDFF9}.Debug|Any CPU.Build.0 = Debug|Any CPU
		{3C8DDC77-B881-49B0-BD57-979339DCDFF9}.Release|Any CPU.ActiveCfg = Release|Any CPU
		{3C8DDC77-B881-49B0-BD57-979339DCDFF9}.Release|Any CPU.Build.0 = Release|Any CPU
		{10F318A7-DA57-4EB7-B6AC-0E2B70D774BF}.Debug|Any CPU.ActiveCfg = Debug|Any CPU
		{10F318A7-DA57-4EB7-B6AC-0E2B70D774BF}.Debug|Any CPU.Build.0 = Debug|Any CPU
		{10F318A7-DA57-4EB7-B6AC-0E2B70D774BF}.Release|Any CPU.ActiveCfg = Release|Any CPU
		{10F318A7-DA57-4EB7-B6AC-0E2B70D774BF}.Release|Any CPU.Build.0 = Release|Any CPU
		{7201E667-BE8F-4091-8304-0F25E0957AD1}.Debug|Any CPU.ActiveCfg = Debug|Any CPU
		{7201E667-BE8F-4091-8304-0F25E0957AD1}.Debug|Any CPU.Build.0 = Debug|Any CPU
		{7201E667-BE8F-4091-8304-0F25E0957AD1}.Release|Any CPU.ActiveCfg = Release|Any CPU
		{7201E667-BE8F-4091-8304-0F25E0957AD1}.Release|Any CPU.Build.0 = Release|Any CPU
		{ABBEEC5E-97C4-4087-B2F3-90B8C110B396}.Debug|Any CPU.ActiveCfg = Debug|Any CPU
		{ABBEEC5E-97C4-4087-B2F3-90B8C110B396}.Debug|Any CPU.Build.0 = Debug|Any CPU
		{ABBEEC5E-97C4-4087-B2F3-90B8C110B396}.Release|Any CPU.ActiveCfg = Release|Any CPU
		{ABBEEC5E-97C4-4087-B2F3-90B8C110B396}.Release|Any CPU.Build.0 = Release|Any CPU
		{D9DF7428-B4D4-423C-A87E-DAC8B057E88B}.Debug|Any CPU.ActiveCfg = Debug|Any CPU
		{D9DF7428-B4D4-423C-A87E-DAC8B057E88B}.Debug|Any CPU.Build.0 = Debug|Any CPU
		{D9DF7428-B4D4-423C-A87E-DAC8B057E88B}.Release|Any CPU.ActiveCfg = Release|Any CPU
		{D9DF7428-B4D4-423C-A87E-DAC8B057E88B}.Release|Any CPU.Build.0 = Release|Any CPU
		{683D9248-DCBC-4676-A999-F02B2A66498D}.Debug|Any CPU.ActiveCfg = Debug|Any CPU
		{683D9248-DCBC-4676-A999-F02B2A66498D}.Debug|Any CPU.Build.0 = Debug|Any CPU
		{683D9248-DCBC-4676-A999-F02B2A66498D}.Release|Any CPU.ActiveCfg = Release|Any CPU
		{683D9248-DCBC-4676-A999-F02B2A66498D}.Release|Any CPU.Build.0 = Release|Any CPU
		{85BAD1FD-7A16-463E-98A6-25293F2A3AB1}.Debug|Any CPU.ActiveCfg = Debug|Any CPU
		{85BAD1FD-7A16-463E-98A6-25293F2A3AB1}.Debug|Any CPU.Build.0 = Debug|Any CPU
		{85BAD1FD-7A16-463E-98A6-25293F2A3AB1}.Release|Any CPU.ActiveCfg = Release|Any CPU
		{85BAD1FD-7A16-463E-98A6-25293F2A3AB1}.Release|Any CPU.Build.0 = Release|Any CPU
		{D08699AF-AA87-41B4-B08F-0D05CF770DA8}.Debug|Any CPU.ActiveCfg = Debug|Any CPU
		{D08699AF-AA87-41B4-B08F-0D05CF770DA8}.Debug|Any CPU.Build.0 = Debug|Any CPU
		{D08699AF-AA87-41B4-B08F-0D05CF770DA8}.Release|Any CPU.ActiveCfg = Release|Any CPU
		{D08699AF-AA87-41B4-B08F-0D05CF770DA8}.Release|Any CPU.Build.0 = Release|Any CPU
		{8059E9A4-9A20-44D1-9E93-00C0CA4A0779}.Debug|Any CPU.ActiveCfg = Debug|Any CPU
		{8059E9A4-9A20-44D1-9E93-00C0CA4A0779}.Debug|Any CPU.Build.0 = Debug|Any CPU
		{8059E9A4-9A20-44D1-9E93-00C0CA4A0779}.Release|Any CPU.ActiveCfg = Release|Any CPU
		{8059E9A4-9A20-44D1-9E93-00C0CA4A0779}.Release|Any CPU.Build.0 = Release|Any CPU
		{A9EF5F50-B9C9-4736-B252-CCADB66C85F2}.Debug|Any CPU.ActiveCfg = Debug|Any CPU
		{A9EF5F50-B9C9-4736-B252-CCADB66C85F2}.Debug|Any CPU.Build.0 = Debug|Any CPU
		{A9EF5F50-B9C9-4736-B252-CCADB66C85F2}.Release|Any CPU.ActiveCfg = Release|Any CPU
		{A9EF5F50-B9C9-4736-B252-CCADB66C85F2}.Release|Any CPU.Build.0 = Release|Any CPU
		{F45B6525-2A3D-47A1-B897-6AAE0747ECC1}.Debug|Any CPU.ActiveCfg = Debug|Any CPU
		{F45B6525-2A3D-47A1-B897-6AAE0747ECC1}.Debug|Any CPU.Build.0 = Debug|Any CPU
		{F45B6525-2A3D-47A1-B897-6AAE0747ECC1}.Release|Any CPU.ActiveCfg = Release|Any CPU
		{F45B6525-2A3D-47A1-B897-6AAE0747ECC1}.Release|Any CPU.Build.0 = Release|Any CPU
		{2295781A-F514-4CE4-811B-69D803670673}.Debug|Any CPU.ActiveCfg = Debug|Any CPU
		{2295781A-F514-4CE4-811B-69D803670673}.Debug|Any CPU.Build.0 = Debug|Any CPU
		{2295781A-F514-4CE4-811B-69D803670673}.Release|Any CPU.ActiveCfg = Release|Any CPU
		{2295781A-F514-4CE4-811B-69D803670673}.Release|Any CPU.Build.0 = Release|Any CPU
		{D9C9BB9E-F20C-47A7-847E-F855929CEE8D}.Debug|Any CPU.ActiveCfg = Debug|Any CPU
		{D9C9BB9E-F20C-47A7-847E-F855929CEE8D}.Debug|Any CPU.Build.0 = Debug|Any CPU
		{D9C9BB9E-F20C-47A7-847E-F855929CEE8D}.Release|Any CPU.ActiveCfg = Release|Any CPU
		{D9C9BB9E-F20C-47A7-847E-F855929CEE8D}.Release|Any CPU.Build.0 = Release|Any CPU
		{659D0E9C-8868-4D52-9E6B-8E81E467646D}.Debug|Any CPU.ActiveCfg = Debug|Any CPU
		{659D0E9C-8868-4D52-9E6B-8E81E467646D}.Debug|Any CPU.Build.0 = Debug|Any CPU
		{659D0E9C-8868-4D52-9E6B-8E81E467646D}.Release|Any CPU.ActiveCfg = Release|Any CPU
		{659D0E9C-8868-4D52-9E6B-8E81E467646D}.Release|Any CPU.Build.0 = Release|Any CPU
		{F0AC550B-2D07-4C80-A0DF-A84D38B592A7}.Debug|Any CPU.ActiveCfg = Debug|Any CPU
		{F0AC550B-2D07-4C80-A0DF-A84D38B592A7}.Debug|Any CPU.Build.0 = Debug|Any CPU
		{F0AC550B-2D07-4C80-A0DF-A84D38B592A7}.Release|Any CPU.ActiveCfg = Release|Any CPU
		{F0AC550B-2D07-4C80-A0DF-A84D38B592A7}.Release|Any CPU.Build.0 = Release|Any CPU
	EndGlobalSection
	GlobalSection(SolutionProperties) = preSolution
		HideSolutionNode = FALSE
	EndGlobalSection
	GlobalSection(NestedProjects) = preSolution
		{ABF36844-5C10-4F15-9433-6458D0DF7732} = {22A1A0FA-5089-4561-BE45-D5239CD6E5B9}
		{683D9248-DCBC-4676-A999-F02B2A66498D} = {ABF36844-5C10-4F15-9433-6458D0DF7732}
		{BEECAD0B-01D9-46E7-B7F8-0918FD5A1264} = {22A1A0FA-5089-4561-BE45-D5239CD6E5B9}
		{D08699AF-AA87-41B4-B08F-0D05CF770DA8} = {BEECAD0B-01D9-46E7-B7F8-0918FD5A1264}
		{315446F5-7FAE-47B1-B900-A0C48BAEE442} = {22A1A0FA-5089-4561-BE45-D5239CD6E5B9}
		{8059E9A4-9A20-44D1-9E93-00C0CA4A0779} = {315446F5-7FAE-47B1-B900-A0C48BAEE442}
		{7DF3A94F-091A-4654-B4FE-A74781BDA95F} = {22A1A0FA-5089-4561-BE45-D5239CD6E5B9}
		{A9EF5F50-B9C9-4736-B252-CCADB66C85F2} = {7DF3A94F-091A-4654-B4FE-A74781BDA95F}
		{6B66D253-6406-4B50-A157-C3AEB27DCBCE} = {22A1A0FA-5089-4561-BE45-D5239CD6E5B9}
		{F45B6525-2A3D-47A1-B897-6AAE0747ECC1} = {6B66D253-6406-4B50-A157-C3AEB27DCBCE}
		{FA191031-03FB-4C7F-B23F-1A41285FE47A} = {22A1A0FA-5089-4561-BE45-D5239CD6E5B9}
		{2295781A-F514-4CE4-811B-69D803670673} = {FA191031-03FB-4C7F-B23F-1A41285FE47A}
		{AAAC08D1-2C43-4447-B2EE-850714982DB9} = {22A1A0FA-5089-4561-BE45-D5239CD6E5B9}
		{D9C9BB9E-F20C-47A7-847E-F855929CEE8D} = {AAAC08D1-2C43-4447-B2EE-850714982DB9}
		{90F46261-8E7D-464B-B389-53C155FFB286} = {22A1A0FA-5089-4561-BE45-D5239CD6E5B9}
		{659D0E9C-8868-4D52-9E6B-8E81E467646D} = {90F46261-8E7D-464B-B389-53C155FFB286}
		{5239C96A-3123-4607-B750-4440C488A5AE} = {22A1A0FA-5089-4561-BE45-D5239CD6E5B9}
	EndGlobalSection
	GlobalSection(ExtensibilityGlobals) = postSolution
		SolutionGuid = {B6E92B7C-C7CA-478F-B859-1653A140FA27}
	EndGlobalSection
EndGlobal
