
Microsoft Visual Studio Solution File, Format Version 12.00
# Visual Studio Version 16
VisualStudioVersion = 16.0.29102.190
MinimumVisualStudioVersion = 10.0.40219.1
Project("{9A19103F-16F7-4668-BE54-9A1E7A4F7556}") = "AsyncProgramming", "AsyncProgramming\AsyncProgramming.csproj", "{3C8DDC77-B881-49B0-BD57-979339DCDFF9}"
EndProject
Project("{FAE04EC0-301F-11D3-BF4B-00C04F79EFBC}") = "ExceptionHandling", "ExceptionHandling\ExceptionHandling.csproj", "{10F318A7-DA57-4EB7-B6AC-0E2B70D774BF}"
EndProject
Project("{FAE04EC0-301F-11D3-BF4B-00C04F79EFBC}") = "Signaling", "Signaling\Signaling.csproj", "{7201E667-BE8F-4091-8304-0F25E0957AD1}"
EndProject
Project("{FAE04EC0-301F-11D3-BF4B-00C04F79EFBC}") = "ThreadPoolProgramming", "ThreadPool\ThreadPoolProgramming.csproj", "{ABBEEC5E-97C4-4087-B2F3-90B8C110B396}"
EndProject
Global
	GlobalSection(SolutionConfigurationPlatforms) = preSolution
		Debug|Any CPU = Debug|Any CPU
		Release|Any CPU = Release|Any CPU
	EndGlobalSection
	GlobalSection(ProjectConfigurationPlatforms) = postSolution
		{3C8DDC77-B881-49B0-BD57-979339DCDFF9}.Debug|Any CPU.ActiveCfg = Debug|Any CPU
		{3C8DDC77-B881-49B0-BD57-979339DCDFF9}.Debug|Any CPU.Build.0 = Debug|Any CPU
		{3C8DDC77-B881-49B0-BD57-979339DCDFF9}.Release|Any CPU.ActiveCfg = Release|Any CPU
		{3C8DDC77-B881-49B0-BD57-979339DCDFF9}.Release|Any CPU.Build.0 = Release|Any CPU
		{10F318A7-DA57-4EB7-B6AC-0E2B70D774BF}.Debug|Any CPU.ActiveCfg = Debug|Any CPU
		{10F318A7-DA57-4EB7-B6AC-0E2B70D774BF}.Debug|Any CPU.Build.0 = Debug|Any CPU
		{10F318A7-DA57-4EB7-B6AC-0E2B70D774BF}.Release|Any CPU.ActiveCfg = Release|Any CPU
		{10F318A7-DA57-4EB7-B6AC-0E2B70D774BF}.Release|Any CPU.Build.0 = Release|Any CPU
		{7201E667-BE8F-4091-8304-0F25E0957AD1}.Debug|Any CPU.ActiveCfg = Debug|Any CPU
		{7201E667-BE8F-4091-8304-0F25E0957AD1}.Debug|Any CPU.Build.0 = Debug|Any CPU
		{7201E667-BE8F-4091-8304-0F25E0957AD1}.Release|Any CPU.ActiveCfg = Release|Any CPU
		{7201E667-BE8F-4091-8304-0F25E0957AD1}.Release|Any CPU.Build.0 = Release|Any CPU
		{ABBEEC5E-97C4-4087-B2F3-90B8C110B396}.Debug|Any CPU.ActiveCfg = Debug|Any CPU
		{ABBEEC5E-97C4-4087-B2F3-90B8C110B396}.Debug|Any CPU.Build.0 = Debug|Any CPU
		{ABBEEC5E-97C4-4087-B2F3-90B8C110B396}.Release|Any CPU.ActiveCfg = Release|Any CPU
		{ABBEEC5E-97C4-4087-B2F3-90B8C110B396}.Release|Any CPU.Build.0 = Release|Any CPU
	EndGlobalSection
	GlobalSection(SolutionProperties) = preSolution
		HideSolutionNode = FALSE
	EndGlobalSection
	GlobalSection(ExtensibilityGlobals) = postSolution
		SolutionGuid = {B6E92B7C-C7CA-478F-B859-1653A140FA27}
	EndGlobalSection
EndGlobal
