
Microsoft Visual Studio Solution File, Format Version 12.00
# Visual Studio Version 16
VisualStudioVersion = 16.0.29306.81
MinimumVisualStudioVersion = 10.0.40219.1
Project("{9A19103F-16F7-4668-BE54-9A1E7A4F7556}") = "SharedControllers", "SharedControllers\SharedControllers.csproj", "{D9BAC327-85D6-4B47-A964-C3913B3F15EE}"
EndProject
Project("{FAE04EC0-301F-11D3-BF4B-00C04F79EFBC}") = "XcXdmApi", "Api1\XcXdmApi.csproj", "{3AD64989-5597-40E9-8E7C-11BF298834C7}"
EndProject
Project("{FAE04EC0-301F-11D3-BF4B-00C04F79EFBC}") = "XdmApi", "XdmApi\XdmApi.csproj", "{921EA08B-93FB-4127-9D48-4D534B718239}"
EndProject
Global
	GlobalSection(SolutionConfigurationPlatforms) = preSolution
		Debug|Any CPU = Debug|Any CPU
		Release|Any CPU = Release|Any CPU
	EndGlobalSection
	GlobalSection(ProjectConfigurationPlatforms) = postSolution
		{D9BAC327-85D6-4B47-A964-C3913B3F15EE}.Debug|Any CPU.ActiveCfg = Debug|Any CPU
		{D9BAC327-85D6-4B47-A964-C3913B3F15EE}.Debug|Any CPU.Build.0 = Debug|Any CPU
		{D9BAC327-85D6-4B47-A964-C3913B3F15EE}.Release|Any CPU.ActiveCfg = Release|Any CPU
		{D9BAC327-85D6-4B47-A964-C3913B3F15EE}.Release|Any CPU.Build.0 = Release|Any CPU
		{3AD64989-5597-40E9-8E7C-11BF298834C7}.Debug|Any CPU.ActiveCfg = Debug|Any CPU
		{3AD64989-5597-40E9-8E7C-11BF298834C7}.Debug|Any CPU.Build.0 = Debug|Any CPU
		{3AD64989-5597-40E9-8E7C-11BF298834C7}.Release|Any CPU.ActiveCfg = Release|Any CPU
		{3AD64989-5597-40E9-8E7C-11BF298834C7}.Release|Any CPU.Build.0 = Release|Any CPU
		{921EA08B-93FB-4127-9D48-4D534B718239}.Debug|Any CPU.ActiveCfg = Debug|Any CPU
		{921EA08B-93FB-4127-9D48-4D534B718239}.Debug|Any CPU.Build.0 = Debug|Any CPU
		{921EA08B-93FB-4127-9D48-4D534B718239}.Release|Any CPU.ActiveCfg = Release|Any CPU
		{921EA08B-93FB-4127-9D48-4D534B718239}.Release|Any CPU.Build.0 = Release|Any CPU
	EndGlobalSection
	GlobalSection(SolutionProperties) = preSolution
		HideSolutionNode = FALSE
	EndGlobalSection
	GlobalSection(ExtensibilityGlobals) = postSolution
		SolutionGuid = {A140F2CE-A5F7-4BF3-AA38-B6F5FD793A73}
	EndGlobalSection
EndGlobal
