
Microsoft Visual Studio Solution File, Format Version 12.00
# Visual Studio Version 16
VisualStudioVersion = 16.0.29209.62
MinimumVisualStudioVersion = 10.0.40219.1
Project("{FAE04EC0-301F-11D3-BF4B-00C04F79EFBC}") = "BLL", "BLL\BLL.csproj", "{63D5470E-D9AF-45C5-9039-D6D9A27395A0}"
EndProject
Project("{FAE04EC0-301F-11D3-BF4B-00C04F79EFBC}") = "ContextLayer", "ContextLayer\ContextLayer.csproj", "{1A4FA80D-16FA-4446-8E6F-E32E8544C961}"
EndProject
Project("{FAE04EC0-301F-11D3-BF4B-00C04F79EFBC}") = "XdmApi", "XdmApi\XdmApi.csproj", "{7A56EF15-C133-4ACE-8D34-8D034CEFC61A}"
EndProject
Project("{FAE04EC0-301F-11D3-BF4B-00C04F79EFBC}") = "XcXdmApi", "XcXdmApi\XcXdmApi.csproj", "{16E3FB83-86FE-4682-9F1B-C1FFE1E4E877}"
EndProject
Project("{FAE04EC0-301F-11D3-BF4B-00C04F79EFBC}") = "XdmApi.IntegrationTests", "XdmApiTests\XdmApi.IntegrationTests.csproj", "{AFB2FDEF-EB27-46DD-ACAD-3760F641C4E1}"
EndProject
Project("{FAE04EC0-301F-11D3-BF4B-00C04F79EFBC}") = "XcXdmApi.IntegrationTests", "XcXdmApi.IntegrationTests\XcXdmApi.IntegrationTests.csproj", "{B24E41B1-8D2A-465A-8091-05B476A045C6}"
EndProject
Global
	GlobalSection(SolutionConfigurationPlatforms) = preSolution
		Debug|Any CPU = Debug|Any CPU
		Release|Any CPU = Release|Any CPU
	EndGlobalSection
	GlobalSection(ProjectConfigurationPlatforms) = postSolution
		{63D5470E-D9AF-45C5-9039-D6D9A27395A0}.Debug|Any CPU.ActiveCfg = Debug|Any CPU
		{63D5470E-D9AF-45C5-9039-D6D9A27395A0}.Debug|Any CPU.Build.0 = Debug|Any CPU
		{63D5470E-D9AF-45C5-9039-D6D9A27395A0}.Release|Any CPU.ActiveCfg = Release|Any CPU
		{63D5470E-D9AF-45C5-9039-D6D9A27395A0}.Release|Any CPU.Build.0 = Release|Any CPU
		{1A4FA80D-16FA-4446-8E6F-E32E8544C961}.Debug|Any CPU.ActiveCfg = Debug|Any CPU
		{1A4FA80D-16FA-4446-8E6F-E32E8544C961}.Debug|Any CPU.Build.0 = Debug|Any CPU
		{1A4FA80D-16FA-4446-8E6F-E32E8544C961}.Release|Any CPU.ActiveCfg = Release|Any CPU
		{1A4FA80D-16FA-4446-8E6F-E32E8544C961}.Release|Any CPU.Build.0 = Release|Any CPU
		{7A56EF15-C133-4ACE-8D34-8D034CEFC61A}.Debug|Any CPU.ActiveCfg = Debug|Any CPU
		{7A56EF15-C133-4ACE-8D34-8D034CEFC61A}.Debug|Any CPU.Build.0 = Debug|Any CPU
		{7A56EF15-C133-4ACE-8D34-8D034CEFC61A}.Release|Any CPU.ActiveCfg = Release|Any CPU
		{7A56EF15-C133-4ACE-8D34-8D034CEFC61A}.Release|Any CPU.Build.0 = Release|Any CPU
		{16E3FB83-86FE-4682-9F1B-C1FFE1E4E877}.Debug|Any CPU.ActiveCfg = Debug|Any CPU
		{16E3FB83-86FE-4682-9F1B-C1FFE1E4E877}.Debug|Any CPU.Build.0 = Debug|Any CPU
		{16E3FB83-86FE-4682-9F1B-C1FFE1E4E877}.Release|Any CPU.ActiveCfg = Release|Any CPU
		{16E3FB83-86FE-4682-9F1B-C1FFE1E4E877}.Release|Any CPU.Build.0 = Release|Any CPU
		{AFB2FDEF-EB27-46DD-ACAD-3760F641C4E1}.Debug|Any CPU.ActiveCfg = Debug|Any CPU
		{AFB2FDEF-EB27-46DD-ACAD-3760F641C4E1}.Debug|Any CPU.Build.0 = Debug|Any CPU
		{AFB2FDEF-EB27-46DD-ACAD-3760F641C4E1}.Release|Any CPU.ActiveCfg = Release|Any CPU
		{AFB2FDEF-EB27-46DD-ACAD-3760F641C4E1}.Release|Any CPU.Build.0 = Release|Any CPU
		{B24E41B1-8D2A-465A-8091-05B476A045C6}.Debug|Any CPU.ActiveCfg = Debug|Any CPU
		{B24E41B1-8D2A-465A-8091-05B476A045C6}.Debug|Any CPU.Build.0 = Debug|Any CPU
		{B24E41B1-8D2A-465A-8091-05B476A045C6}.Release|Any CPU.ActiveCfg = Release|Any CPU
		{B24E41B1-8D2A-465A-8091-05B476A045C6}.Release|Any CPU.Build.0 = Release|Any CPU
	EndGlobalSection
	GlobalSection(SolutionProperties) = preSolution
		HideSolutionNode = FALSE
	EndGlobalSection
	GlobalSection(ExtensibilityGlobals) = postSolution
		SolutionGuid = {D98F0443-EE3C-4302-8B26-75D6831764EC}
	EndGlobalSection
EndGlobal
