
Microsoft Visual Studio Solution File, Format Version 12.00
# Visual Studio Version 16
VisualStudioVersion = 16.0.29306.81
MinimumVisualStudioVersion = 10.0.40219.1
Project("{FAE04EC0-301F-11D3-BF4B-00C04F79EFBC}") = "TestApp", "TestApp\TestApp.csproj", "{AB94905E-9A44-4C61-A3E4-376625963870}"
EndProject
Global
	GlobalSection(SolutionConfigurationPlatforms) = preSolution
		Debug|Any CPU = Debug|Any CPU
		Release|Any CPU = Release|Any CPU
	EndGlobalSection
	GlobalSection(ProjectConfigurationPlatforms) = postSolution
		{AB94905E-9A44-4C61-A3E4-376625963870}.Debug|Any CPU.ActiveCfg = Debug|Any CPU
		{AB94905E-9A44-4C61-A3E4-376625963870}.Debug|Any CPU.Build.0 = Debug|Any CPU
		{AB94905E-9A44-4C61-A3E4-376625963870}.Release|Any CPU.ActiveCfg = Release|Any CPU
		{AB94905E-9A44-4C61-A3E4-376625963870}.Release|Any CPU.Build.0 = Release|Any CPU
	EndGlobalSection
	GlobalSection(SolutionProperties) = preSolution
		HideSolutionNode = FALSE
	EndGlobalSection
	GlobalSection(ExtensibilityGlobals) = postSolution
		SolutionGuid = {3840CC0A-58F1-49CE-B1BC-2D763FE0AC5D}
	EndGlobalSection
EndGlobal
