
Microsoft Visual Studio Solution File, Format Version 12.00
# Visual Studio Version 16
VisualStudioVersion = 16.0.29318.209
MinimumVisualStudioVersion = 10.0.40219.1
Project("{FAE04EC0-301F-11D3-BF4B-00C04F79EFBC}") = "Api", "Api\Api.csproj", "{03758B3A-1061-425E-B654-74048161D3E6}"
EndProject
Project("{FAE04EC0-301F-11D3-BF4B-00C04F79EFBC}") = "DataLayer.XcXdmModel", "DataLayer.XcXdmModel\DataLayer.XcXdmModel.csproj", "{51F217A7-3F3B-472F-BD9C-B9631AE8767C}"
EndProject
Global
	GlobalSection(SolutionConfigurationPlatforms) = preSolution
		Debug|Any CPU = Debug|Any CPU
		Release|Any CPU = Release|Any CPU
	EndGlobalSection
	GlobalSection(ProjectConfigurationPlatforms) = postSolution
		{03758B3A-1061-425E-B654-74048161D3E6}.Debug|Any CPU.ActiveCfg = Debug|Any CPU
		{03758B3A-1061-425E-B654-74048161D3E6}.Debug|Any CPU.Build.0 = Debug|Any CPU
		{03758B3A-1061-425E-B654-74048161D3E6}.Release|Any CPU.ActiveCfg = Release|Any CPU
		{03758B3A-1061-425E-B654-74048161D3E6}.Release|Any CPU.Build.0 = Release|Any CPU
		{51F217A7-3F3B-472F-BD9C-B9631AE8767C}.Debug|Any CPU.ActiveCfg = Debug|Any CPU
		{51F217A7-3F3B-472F-BD9C-B9631AE8767C}.Debug|Any CPU.Build.0 = Debug|Any CPU
		{51F217A7-3F3B-472F-BD9C-B9631AE8767C}.Release|Any CPU.ActiveCfg = Release|Any CPU
		{51F217A7-3F3B-472F-BD9C-B9631AE8767C}.Release|Any CPU.Build.0 = Release|Any CPU
	EndGlobalSection
	GlobalSection(SolutionProperties) = preSolution
		HideSolutionNode = FALSE
	EndGlobalSection
	GlobalSection(ExtensibilityGlobals) = postSolution
		SolutionGuid = {14193686-7075-4067-81BF-DFEA60114A45}
	EndGlobalSection
EndGlobal
