
Microsoft Visual Studio Solution File, Format Version 12.00
# Visual Studio Version 16
VisualStudioVersion = 16.0.29009.5
MinimumVisualStudioVersion = 10.0.40219.1
Project("{FAE04EC0-301F-11D3-BF4B-00C04F79EFBC}") = "DataLayer.Entities", "DataLayer.Entities\DataLayer.Entities.csproj", "{C84C84EF-C8A4-41A9-9360-F48B7D8839B8}"
EndProject
Global
	GlobalSection(SolutionConfigurationPlatforms) = preSolution
		Debug|Any CPU = Debug|Any CPU
		Release|Any CPU = Release|Any CPU
	EndGlobalSection
	GlobalSection(ProjectConfigurationPlatforms) = postSolution
		{C84C84EF-C8A4-41A9-9360-F48B7D8839B8}.Debug|Any CPU.ActiveCfg = Debug|Any CPU
		{C84C84EF-C8A4-41A9-9360-F48B7D8839B8}.Debug|Any CPU.Build.0 = Debug|Any CPU
		{C84C84EF-C8A4-41A9-9360-F48B7D8839B8}.Release|Any CPU.ActiveCfg = Release|Any CPU
		{C84C84EF-C8A4-41A9-9360-F48B7D8839B8}.Release|Any CPU.Build.0 = Release|Any CPU
	EndGlobalSection
	GlobalSection(SolutionProperties) = preSolution
		HideSolutionNode = FALSE
	EndGlobalSection
	GlobalSection(ExtensibilityGlobals) = postSolution
		SolutionGuid = {BDC4A043-7D4E-4B09-8A54-1015038B10B9}
	EndGlobalSection
EndGlobal
