
Microsoft Visual Studio Solution File, Format Version 12.00
# Visual Studio Version 16
VisualStudioVersion = 16.0.29609.76
MinimumVisualStudioVersion = 10.0.40219.1
Project("{FAE04EC0-301F-11D3-BF4B-00C04F79EFBC}") = "DataLayer.Entities", "DataLayer.Entities\DataLayer.Entities.csproj", "{5F656623-1809-4795-AC6D-CBC85B9C5B39}"
EndProject
Project("{FAE04EC0-301F-11D3-BF4B-00C04F79EFBC}") = "ViewModels", "ViewModels\ViewModels.csproj", "{086A9F5B-1A20-4063-BAD0-6054D4BEAA6D}"
EndProject
Project("{FAE04EC0-301F-11D3-BF4B-00C04F79EFBC}") = "ServiceLayer.Blogs", "ServiceLayer.Blogs\ServiceLayer.Blogs.csproj", "{8534D77E-EAB1-4587-9E5B-9DA7D6082D33}"
EndProject
Global
	GlobalSection(SolutionConfigurationPlatforms) = preSolution
		Debug|Any CPU = Debug|Any CPU
		Release|Any CPU = Release|Any CPU
	EndGlobalSection
	GlobalSection(ProjectConfigurationPlatforms) = postSolution
		{5F656623-1809-4795-AC6D-CBC85B9C5B39}.Debug|Any CPU.ActiveCfg = Debug|Any CPU
		{5F656623-1809-4795-AC6D-CBC85B9C5B39}.Debug|Any CPU.Build.0 = Debug|Any CPU
		{5F656623-1809-4795-AC6D-CBC85B9C5B39}.Release|Any CPU.ActiveCfg = Release|Any CPU
		{5F656623-1809-4795-AC6D-CBC85B9C5B39}.Release|Any CPU.Build.0 = Release|Any CPU
		{086A9F5B-1A20-4063-BAD0-6054D4BEAA6D}.Debug|Any CPU.ActiveCfg = Debug|Any CPU
		{086A9F5B-1A20-4063-BAD0-6054D4BEAA6D}.Debug|Any CPU.Build.0 = Debug|Any CPU
		{086A9F5B-1A20-4063-BAD0-6054D4BEAA6D}.Release|Any CPU.ActiveCfg = Release|Any CPU
		{086A9F5B-1A20-4063-BAD0-6054D4BEAA6D}.Release|Any CPU.Build.0 = Release|Any CPU
		{8534D77E-EAB1-4587-9E5B-9DA7D6082D33}.Debug|Any CPU.ActiveCfg = Debug|Any CPU
		{8534D77E-EAB1-4587-9E5B-9DA7D6082D33}.Debug|Any CPU.Build.0 = Debug|Any CPU
		{8534D77E-EAB1-4587-9E5B-9DA7D6082D33}.Release|Any CPU.ActiveCfg = Release|Any CPU
		{8534D77E-EAB1-4587-9E5B-9DA7D6082D33}.Release|Any CPU.Build.0 = Release|Any CPU
	EndGlobalSection
	GlobalSection(SolutionProperties) = preSolution
		HideSolutionNode = FALSE
	EndGlobalSection
	GlobalSection(ExtensibilityGlobals) = postSolution
		SolutionGuid = {1061AFB6-CF4C-4EFA-A3BE-974870439454}
	EndGlobalSection
EndGlobal
