
Microsoft Visual Studio Solution File, Format Version 12.00
# Visual Studio Version 16
VisualStudioVersion = 16.0.28315.86
MinimumVisualStudioVersion = 10.0.40219.1
Project("{FAE04EC0-301F-11D3-BF4B-00C04F79EFBC}") = "Testing1", "Testing1\Testing1.csproj", "{04E05603-B630-4A70-95D7-1115425B55F9}"
EndProject
Global
	GlobalSection(SolutionConfigurationPlatforms) = preSolution
		Debug|Any CPU = Debug|Any CPU
		Release|Any CPU = Release|Any CPU
	EndGlobalSection
	GlobalSection(ProjectConfigurationPlatforms) = postSolution
		{04E05603-B630-4A70-95D7-1115425B55F9}.Debug|Any CPU.ActiveCfg = Debug|Any CPU
		{04E05603-B630-4A70-95D7-1115425B55F9}.Debug|Any CPU.Build.0 = Debug|Any CPU
		{04E05603-B630-4A70-95D7-1115425B55F9}.Release|Any CPU.ActiveCfg = Release|Any CPU
		{04E05603-B630-4A70-95D7-1115425B55F9}.Release|Any CPU.Build.0 = Release|Any CPU
	EndGlobalSection
	GlobalSection(SolutionProperties) = preSolution
		HideSolutionNode = FALSE
	EndGlobalSection
	GlobalSection(ExtensibilityGlobals) = postSolution
		SolutionGuid = {0D4228F3-3264-40F3-9E02-B6FF29E3AAF7}
	EndGlobalSection
EndGlobal
